
Microsoft Visual Studio Solution File, Format Version 12.00
# Visual Studio 15
VisualStudioVersion = 15.0.27130.2036
MinimumVisualStudioVersion = 10.0.40219.1
Project("{FAE04EC0-301F-11D3-BF4B-00C04F79EFBC}") = "HttpsRequest", "HttpsRequest\HttpsRequest.csproj", "{97058A49-34A3-4254-9EDC-0C1DB48EF915}"
EndProject
Global
	GlobalSection(SolutionConfigurationPlatforms) = preSolution
		Debug|Any CPU = Debug|Any CPU
		Release|Any CPU = Release|Any CPU
	EndGlobalSection
	GlobalSection(ProjectConfigurationPlatforms) = postSolution
		{97058A49-34A3-4254-9EDC-0C1DB48EF915}.Debug|Any CPU.ActiveCfg = Debug|Any CPU
		{97058A49-34A3-4254-9EDC-0C1DB48EF915}.Debug|Any CPU.Build.0 = Debug|Any CPU
		{97058A49-34A3-4254-9EDC-0C1DB48EF915}.Release|Any CPU.ActiveCfg = Release|Any CPU
		{97058A49-34A3-4254-9EDC-0C1DB48EF915}.Release|Any CPU.Build.0 = Release|Any CPU
	EndGlobalSection
	GlobalSection(SolutionProperties) = preSolution
		HideSolutionNode = FALSE
	EndGlobalSection
	GlobalSection(ExtensibilityGlobals) = postSolution
		SolutionGuid = {3A1F126A-68D9-45E1-89A8-87F5ECC12E6E}
	EndGlobalSection
EndGlobal
